
Microsoft Visual Studio Solution File, Format Version 12.00
# Visual Studio Version 16
VisualStudioVersion = 16.0.31229.75
MinimumVisualStudioVersion = 10.0.40219.1
Project("{9A19103F-16F7-4668-BE54-9A1E7A4F7556}") = "ExpressAPI", "ExpressAPI\ExpressAPI.csproj", "{07216CD7-99E2-4094-B040-84C08BFFF85B}"
EndProject
Project("{FAE04EC0-301F-11D3-BF4B-00C04F79EFBC}") = "Service.BL", "Service.BL\Service.BL.csproj", "{8F4122C6-2A0D-45D7-B24C-C300985F4743}"
EndProject
Project("{FAE04EC0-301F-11D3-BF4B-00C04F79EFBC}") = "Service.Data", "Service.Data\Service.Data.csproj", "{D0D88DA9-12F9-4B74-93F0-D68BFADB1B57}"
EndProject
Project("{FAE04EC0-301F-11D3-BF4B-00C04F79EFBC}") = "Service.IBL", "Service.IBL\Service.IBL.csproj", "{65F6904E-0578-484E-8D1D-26A1E25768D7}"
EndProject
Project("{FAE04EC0-301F-11D3-BF4B-00C04F79EFBC}") = "Service.Model", "Service.Model\Service.Model.csproj", "{A9420361-B8C1-49E1-98FB-C4C5550084F9}"
EndProject
Global
	GlobalSection(SolutionConfigurationPlatforms) = preSolution
		Debug|Any CPU = Debug|Any CPU
		Release|Any CPU = Release|Any CPU
	EndGlobalSection
	GlobalSection(ProjectConfigurationPlatforms) = postSolution
		{07216CD7-99E2-4094-B040-84C08BFFF85B}.Debug|Any CPU.ActiveCfg = Debug|Any CPU
		{07216CD7-99E2-4094-B040-84C08BFFF85B}.Debug|Any CPU.Build.0 = Debug|Any CPU
		{07216CD7-99E2-4094-B040-84C08BFFF85B}.Release|Any CPU.ActiveCfg = Release|Any CPU
		{07216CD7-99E2-4094-B040-84C08BFFF85B}.Release|Any CPU.Build.0 = Release|Any CPU
		{8F4122C6-2A0D-45D7-B24C-C300985F4743}.Debug|Any CPU.ActiveCfg = Debug|Any CPU
		{8F4122C6-2A0D-45D7-B24C-C300985F4743}.Debug|Any CPU.Build.0 = Debug|Any CPU
		{8F4122C6-2A0D-45D7-B24C-C300985F4743}.Release|Any CPU.ActiveCfg = Release|Any CPU
		{8F4122C6-2A0D-45D7-B24C-C300985F4743}.Release|Any CPU.Build.0 = Release|Any CPU
		{D0D88DA9-12F9-4B74-93F0-D68BFADB1B57}.Debug|Any CPU.ActiveCfg = Debug|Any CPU
		{D0D88DA9-12F9-4B74-93F0-D68BFADB1B57}.Debug|Any CPU.Build.0 = Debug|Any CPU
		{D0D88DA9-12F9-4B74-93F0-D68BFADB1B57}.Release|Any CPU.ActiveCfg = Release|Any CPU
		{D0D88DA9-12F9-4B74-93F0-D68BFADB1B57}.Release|Any CPU.Build.0 = Release|Any CPU
		{65F6904E-0578-484E-8D1D-26A1E25768D7}.Debug|Any CPU.ActiveCfg = Debug|Any CPU
		{65F6904E-0578-484E-8D1D-26A1E25768D7}.Debug|Any CPU.Build.0 = Debug|Any CPU
		{65F6904E-0578-484E-8D1D-26A1E25768D7}.Release|Any CPU.ActiveCfg = Release|Any CPU
		{65F6904E-0578-484E-8D1D-26A1E25768D7}.Release|Any CPU.Build.0 = Release|Any CPU
		{A9420361-B8C1-49E1-98FB-C4C5550084F9}.Debug|Any CPU.ActiveCfg = Debug|Any CPU
		{A9420361-B8C1-49E1-98FB-C4C5550084F9}.Debug|Any CPU.Build.0 = Debug|Any CPU
		{A9420361-B8C1-49E1-98FB-C4C5550084F9}.Release|Any CPU.ActiveCfg = Release|Any CPU
		{A9420361-B8C1-49E1-98FB-C4C5550084F9}.Release|Any CPU.Build.0 = Release|Any CPU
	EndGlobalSection
	GlobalSection(SolutionProperties) = preSolution
		HideSolutionNode = FALSE
	EndGlobalSection
	GlobalSection(ExtensibilityGlobals) = postSolution
		SolutionGuid = {64AF724C-3B95-4FC3-9799-0BC0F20A25F4}
	EndGlobalSection
EndGlobal
